
Microsoft Visual Studio Solution File, Format Version 12.00
# Visual Studio Version 16
VisualStudioVersion = 16.0.32228.343
MinimumVisualStudioVersion = 10.0.40219.1
Project("{FAE04EC0-301F-11D3-BF4B-00C04F79EFBC}") = "BaekjoonCs", "BaekjoonCs.csproj", "{12C56016-E821-4EA9-868A-C6564047BDC0}"
EndProject
Global
	GlobalSection(SolutionConfigurationPlatforms) = preSolution
		Debug|Any CPU = Debug|Any CPU
		Release|Any CPU = Release|Any CPU
	EndGlobalSection
	GlobalSection(ProjectConfigurationPlatforms) = postSolution
		{12C56016-E821-4EA9-868A-C6564047BDC0}.Debug|Any CPU.ActiveCfg = Debug|Any CPU
		{12C56016-E821-4EA9-868A-C6564047BDC0}.Debug|Any CPU.Build.0 = Debug|Any CPU
		{12C56016-E821-4EA9-868A-C6564047BDC0}.Release|Any CPU.ActiveCfg = Release|Any CPU
		{12C56016-E821-4EA9-868A-C6564047BDC0}.Release|Any CPU.Build.0 = Release|Any CPU
	EndGlobalSection
	GlobalSection(SolutionProperties) = preSolution
		HideSolutionNode = FALSE
	EndGlobalSection
	GlobalSection(ExtensibilityGlobals) = postSolution
		SolutionGuid = {6C15706B-6148-49E5-9494-4C5D1E7EE2C7}
	EndGlobalSection
EndGlobal
